// !$*UTF8*$!
{
	archiveVersion = 1;
	classes = {
	};
	objectVersion = 46;
	objects = {

/* Begin PBXBuildFile section */
		0A140FBB0E7EFAE9441C152D /* Pods_Shuttle.framework in Frameworks */ = {isa = PBXBuildFile; fileRef = 398FAD99048B020E4CC5A31E /* Pods_Shuttle.framework */; };
		246BD500F4C2600E2D78848C /* Pods_ShuttleUITests.framework in Frameworks */ = {isa = PBXBuildFile; fileRef = 9628FE72B10A8A7D6160C11B /* Pods_ShuttleUITests.framework */; };
		4F042DDA1D65037B009F1B96 /* NetworkManager.swift in Sources */ = {isa = PBXBuildFile; fileRef = 4F042DD91D65037B009F1B96 /* NetworkManager.swift */; };
		4F2ED4981D4025F50026D620 /* AppDelegate.swift in Sources */ = {isa = PBXBuildFile; fileRef = 4F2ED4971D4025F50026D620 /* AppDelegate.swift */; };
		4F2ED49A1D4025F50026D620 /* FirstViewController.swift in Sources */ = {isa = PBXBuildFile; fileRef = 4F2ED4991D4025F50026D620 /* FirstViewController.swift */; };
		4F2ED49C1D4025F50026D620 /* SecondViewController.swift in Sources */ = {isa = PBXBuildFile; fileRef = 4F2ED49B1D4025F50026D620 /* SecondViewController.swift */; };
		4F2ED49F1D4025F50026D620 /* Main.storyboard in Resources */ = {isa = PBXBuildFile; fileRef = 4F2ED49D1D4025F50026D620 /* Main.storyboard */; };
		4F2ED4A11D4025F50026D620 /* Assets.xcassets in Resources */ = {isa = PBXBuildFile; fileRef = 4F2ED4A01D4025F50026D620 /* Assets.xcassets */; };
		4F2ED4A41D4025F50026D620 /* LaunchScreen.storyboard in Resources */ = {isa = PBXBuildFile; fileRef = 4F2ED4A21D4025F50026D620 /* LaunchScreen.storyboard */; };
		4F2ED4AF1D4025F50026D620 /* ShuttleTests.swift in Sources */ = {isa = PBXBuildFile; fileRef = 4F2ED4AE1D4025F50026D620 /* ShuttleTests.swift */; };
		4F2ED4BA1D4025F50026D620 /* ShuttleUITests.swift in Sources */ = {isa = PBXBuildFile; fileRef = 4F2ED4B91D4025F50026D620 /* ShuttleUITests.swift */; };
		4F35246D1D63965D005053CC /* RouteDetails.swift in Sources */ = {isa = PBXBuildFile; fileRef = 4F35246C1D63965D005053CC /* RouteDetails.swift */; };
		4F35246F1D639857005053CC /* Shape.swift in Sources */ = {isa = PBXBuildFile; fileRef = 4F35246E1D639857005053CC /* Shape.swift */; };
		4F3524711D639865005053CC /* Direction.swift in Sources */ = {isa = PBXBuildFile; fileRef = 4F3524701D639865005053CC /* Direction.swift */; };
		4F3524731D639873005053CC /* Extent.swift in Sources */ = {isa = PBXBuildFile; fileRef = 4F3524721D639873005053CC /* Extent.swift */; };
		4F79B3C31D41733E00DBA34F /* Route.swift in Sources */ = {isa = PBXBuildFile; fileRef = 4F79B3C21D41733E00DBA34F /* Route.swift */; };
		4F98F30D1D650CC7001BC894 /* RouteParser.swift in Sources */ = {isa = PBXBuildFile; fileRef = 4F98F30C1D650CC7001BC894 /* RouteParser.swift */; };
		E3E5A7C118FDE7FD1A0877E0 /* Pods_ShuttleTests.framework in Frameworks */ = {isa = PBXBuildFile; fileRef = AB019DCE730A4146DAAECE2C /* Pods_ShuttleTests.framework */; };
/* End PBXBuildFile section */

/* Begin PBXContainerItemProxy section */
		4F2ED4AB1D4025F50026D620 /* PBXContainerItemProxy */ = {
			isa = PBXContainerItemProxy;
			containerPortal = 4F2ED48C1D4025F40026D620 /* Project object */;
			proxyType = 1;
			remoteGlobalIDString = 4F2ED4931D4025F40026D620;
			remoteInfo = Shuttle;
		};
		4F2ED4B61D4025F50026D620 /* PBXContainerItemProxy */ = {
			isa = PBXContainerItemProxy;
			containerPortal = 4F2ED48C1D4025F40026D620 /* Project object */;
			proxyType = 1;
			remoteGlobalIDString = 4F2ED4931D4025F40026D620;
			remoteInfo = Shuttle;
		};
/* End PBXContainerItemProxy section */

/* Begin PBXFileReference section */
		2B41CF5A3CA8D5C14F067DB2 /* Pods-ShuttleUITests.debug.xcconfig */ = {isa = PBXFileReference; includeInIndex = 1; lastKnownFileType = text.xcconfig; name = "Pods-ShuttleUITests.debug.xcconfig"; path = "Pods/Target Support Files/Pods-ShuttleUITests/Pods-ShuttleUITests.debug.xcconfig"; sourceTree = "<group>"; };
		393C6DA4EA3AD94DDB9D8FBB /* Pods-ShuttleUITests.release.xcconfig */ = {isa = PBXFileReference; includeInIndex = 1; lastKnownFileType = text.xcconfig; name = "Pods-ShuttleUITests.release.xcconfig"; path = "Pods/Target Support Files/Pods-ShuttleUITests/Pods-ShuttleUITests.release.xcconfig"; sourceTree = "<group>"; };
		398FAD99048B020E4CC5A31E /* Pods_Shuttle.framework */ = {isa = PBXFileReference; explicitFileType = wrapper.framework; includeInIndex = 0; path = Pods_Shuttle.framework; sourceTree = BUILT_PRODUCTS_DIR; };
		4F042DD91D65037B009F1B96 /* NetworkManager.swift */ = {isa = PBXFileReference; fileEncoding = 4; lastKnownFileType = sourcecode.swift; name = NetworkManager.swift; path = Network/NetworkManager.swift; sourceTree = "<group>"; };
		4F2ED4941D4025F40026D620 /* Shuttle.app */ = {isa = PBXFileReference; explicitFileType = wrapper.application; includeInIndex = 0; path = Shuttle.app; sourceTree = BUILT_PRODUCTS_DIR; };
		4F2ED4971D4025F50026D620 /* AppDelegate.swift */ = {isa = PBXFileReference; lastKnownFileType = sourcecode.swift; path = AppDelegate.swift; sourceTree = "<group>"; };
		4F2ED4991D4025F50026D620 /* FirstViewController.swift */ = {isa = PBXFileReference; lastKnownFileType = sourcecode.swift; path = FirstViewController.swift; sourceTree = "<group>"; };
		4F2ED49B1D4025F50026D620 /* SecondViewController.swift */ = {isa = PBXFileReference; lastKnownFileType = sourcecode.swift; path = SecondViewController.swift; sourceTree = "<group>"; };
		4F2ED49E1D4025F50026D620 /* Base */ = {isa = PBXFileReference; lastKnownFileType = file.storyboard; name = Base; path = Base.lproj/Main.storyboard; sourceTree = "<group>"; };
		4F2ED4A01D4025F50026D620 /* Assets.xcassets */ = {isa = PBXFileReference; lastKnownFileType = folder.assetcatalog; path = Assets.xcassets; sourceTree = "<group>"; };
		4F2ED4A31D4025F50026D620 /* Base */ = {isa = PBXFileReference; lastKnownFileType = file.storyboard; name = Base; path = Base.lproj/LaunchScreen.storyboard; sourceTree = "<group>"; };
		4F2ED4A51D4025F50026D620 /* Info.plist */ = {isa = PBXFileReference; lastKnownFileType = text.plist.xml; path = Info.plist; sourceTree = "<group>"; };
		4F2ED4AA1D4025F50026D620 /* ShuttleTests.xctest */ = {isa = PBXFileReference; explicitFileType = wrapper.cfbundle; includeInIndex = 0; path = ShuttleTests.xctest; sourceTree = BUILT_PRODUCTS_DIR; };
		4F2ED4AE1D4025F50026D620 /* ShuttleTests.swift */ = {isa = PBXFileReference; lastKnownFileType = sourcecode.swift; path = ShuttleTests.swift; sourceTree = "<group>"; };
		4F2ED4B01D4025F50026D620 /* Info.plist */ = {isa = PBXFileReference; lastKnownFileType = text.plist.xml; path = Info.plist; sourceTree = "<group>"; };
		4F2ED4B51D4025F50026D620 /* ShuttleUITests.xctest */ = {isa = PBXFileReference; explicitFileType = wrapper.cfbundle; includeInIndex = 0; path = ShuttleUITests.xctest; sourceTree = BUILT_PRODUCTS_DIR; };
		4F2ED4B91D4025F50026D620 /* ShuttleUITests.swift */ = {isa = PBXFileReference; lastKnownFileType = sourcecode.swift; path = ShuttleUITests.swift; sourceTree = "<group>"; };
		4F2ED4BB1D4025F50026D620 /* Info.plist */ = {isa = PBXFileReference; lastKnownFileType = text.plist.xml; path = Info.plist; sourceTree = "<group>"; };
		4F35246C1D63965D005053CC /* RouteDetails.swift */ = {isa = PBXFileReference; fileEncoding = 4; lastKnownFileType = sourcecode.swift; path = RouteDetails.swift; sourceTree = "<group>"; };
		4F35246E1D639857005053CC /* Shape.swift */ = {isa = PBXFileReference; fileEncoding = 4; lastKnownFileType = sourcecode.swift; path = Shape.swift; sourceTree = "<group>"; };
		4F3524701D639865005053CC /* Direction.swift */ = {isa = PBXFileReference; fileEncoding = 4; lastKnownFileType = sourcecode.swift; path = Direction.swift; sourceTree = "<group>"; };
		4F3524721D639873005053CC /* Extent.swift */ = {isa = PBXFileReference; fileEncoding = 4; lastKnownFileType = sourcecode.swift; path = Extent.swift; sourceTree = "<group>"; };
		4F79B3C21D41733E00DBA34F /* Route.swift */ = {isa = PBXFileReference; fileEncoding = 4; lastKnownFileType = sourcecode.swift; name = Route.swift; path = Model/Route.swift; sourceTree = "<group>"; };
		4F98F30C1D650CC7001BC894 /* RouteParser.swift */ = {isa = PBXFileReference; fileEncoding = 4; lastKnownFileType = sourcecode.swift; path = RouteParser.swift; sourceTree = "<group>"; };
		6C724C25177FE57ECE112576 /* Pods-ShuttleTests.debug.xcconfig */ = {isa = PBXFileReference; includeInIndex = 1; lastKnownFileType = text.xcconfig; name = "Pods-ShuttleTests.debug.xcconfig"; path = "Pods/Target Support Files/Pods-ShuttleTests/Pods-ShuttleTests.debug.xcconfig"; sourceTree = "<group>"; };
		8DDE85BF152FD45AA490187E /* Pods-Shuttle.debug.xcconfig */ = {isa = PBXFileReference; includeInIndex = 1; lastKnownFileType = text.xcconfig; name = "Pods-Shuttle.debug.xcconfig"; path = "Pods/Target Support Files/Pods-Shuttle/Pods-Shuttle.debug.xcconfig"; sourceTree = "<group>"; };
		9628FE72B10A8A7D6160C11B /* Pods_ShuttleUITests.framework */ = {isa = PBXFileReference; explicitFileType = wrapper.framework; includeInIndex = 0; path = Pods_ShuttleUITests.framework; sourceTree = BUILT_PRODUCTS_DIR; };
		AA3D1C6D7F2CA6C034A902ED /* Pods-Shuttle.release.xcconfig */ = {isa = PBXFileReference; includeInIndex = 1; lastKnownFileType = text.xcconfig; name = "Pods-Shuttle.release.xcconfig"; path = "Pods/Target Support Files/Pods-Shuttle/Pods-Shuttle.release.xcconfig"; sourceTree = "<group>"; };
		AB019DCE730A4146DAAECE2C /* Pods_ShuttleTests.framework */ = {isa = PBXFileReference; explicitFileType = wrapper.framework; includeInIndex = 0; path = Pods_ShuttleTests.framework; sourceTree = BUILT_PRODUCTS_DIR; };
		FE1948276E7B3B61B83965BB /* Pods-ShuttleTests.release.xcconfig */ = {isa = PBXFileReference; includeInIndex = 1; lastKnownFileType = text.xcconfig; name = "Pods-ShuttleTests.release.xcconfig"; path = "Pods/Target Support Files/Pods-ShuttleTests/Pods-ShuttleTests.release.xcconfig"; sourceTree = "<group>"; };
/* End PBXFileReference section */

/* Begin PBXFrameworksBuildPhase section */
		4F2ED4911D4025F40026D620 /* Frameworks */ = {
			isa = PBXFrameworksBuildPhase;
			buildActionMask = 2147483647;
			files = (
				0A140FBB0E7EFAE9441C152D /* Pods_Shuttle.framework in Frameworks */,
			);
			runOnlyForDeploymentPostprocessing = 0;
		};
		4F2ED4A71D4025F50026D620 /* Frameworks */ = {
			isa = PBXFrameworksBuildPhase;
			buildActionMask = 2147483647;
			files = (
				E3E5A7C118FDE7FD1A0877E0 /* Pods_ShuttleTests.framework in Frameworks */,
			);
			runOnlyForDeploymentPostprocessing = 0;
		};
		4F2ED4B21D4025F50026D620 /* Frameworks */ = {
			isa = PBXFrameworksBuildPhase;
			buildActionMask = 2147483647;
			files = (
				246BD500F4C2600E2D78848C /* Pods_ShuttleUITests.framework in Frameworks */,
			);
			runOnlyForDeploymentPostprocessing = 0;
		};
/* End PBXFrameworksBuildPhase section */

/* Begin PBXGroup section */
		163C1E40BF93FE2993C19234 /* Frameworks */ = {
			isa = PBXGroup;
			children = (
				398FAD99048B020E4CC5A31E /* Pods_Shuttle.framework */,
				AB019DCE730A4146DAAECE2C /* Pods_ShuttleTests.framework */,
				9628FE72B10A8A7D6160C11B /* Pods_ShuttleUITests.framework */,
			);
			name = Frameworks;
			sourceTree = "<group>";
		};
		4F042DD81D65033F009F1B96 /* Network */ = {
			isa = PBXGroup;
			children = (
				4F042DD91D65037B009F1B96 /* NetworkManager.swift */,
			);
			name = Network;
			sourceTree = "<group>";
		};
		4F2ED48B1D4025F40026D620 = {
			isa = PBXGroup;
			children = (
				4F2ED4961D4025F40026D620 /* Shuttle */,
				4F2ED4AD1D4025F50026D620 /* ShuttleTests */,
				4F2ED4B81D4025F50026D620 /* ShuttleUITests */,
				4F2ED4951D4025F40026D620 /* Products */,
				8DA94800CB7E78387D4B4155 /* Pods */,
				163C1E40BF93FE2993C19234 /* Frameworks */,
			);
			sourceTree = "<group>";
		};
		4F2ED4951D4025F40026D620 /* Products */ = {
			isa = PBXGroup;
			children = (
				4F2ED4941D4025F40026D620 /* Shuttle.app */,
				4F2ED4AA1D4025F50026D620 /* ShuttleTests.xctest */,
				4F2ED4B51D4025F50026D620 /* ShuttleUITests.xctest */,
			);
			name = Products;
			sourceTree = "<group>";
		};
		4F2ED4961D4025F40026D620 /* Shuttle */ = {
			isa = PBXGroup;
			children = (
				4F98F30B1D650CB9001BC894 /* Parser */,
				4F042DD81D65033F009F1B96 /* Network */,
				4F79B3C11D4171C800DBA34F /* Model */,
				4F2ED4971D4025F50026D620 /* AppDelegate.swift */,
				4F2ED4991D4025F50026D620 /* FirstViewController.swift */,
				4F2ED49B1D4025F50026D620 /* SecondViewController.swift */,
				4F2ED49D1D4025F50026D620 /* Main.storyboard */,
				4F2ED4A01D4025F50026D620 /* Assets.xcassets */,
				4F2ED4A21D4025F50026D620 /* LaunchScreen.storyboard */,
				4F2ED4A51D4025F50026D620 /* Info.plist */,
			);
			path = Shuttle;
			sourceTree = "<group>";
		};
		4F2ED4AD1D4025F50026D620 /* ShuttleTests */ = {
			isa = PBXGroup;
			children = (
				4F2ED4AE1D4025F50026D620 /* ShuttleTests.swift */,
				4F2ED4B01D4025F50026D620 /* Info.plist */,
			);
			path = ShuttleTests;
			sourceTree = "<group>";
		};
		4F2ED4B81D4025F50026D620 /* ShuttleUITests */ = {
			isa = PBXGroup;
			children = (
				4F2ED4B91D4025F50026D620 /* ShuttleUITests.swift */,
				4F2ED4BB1D4025F50026D620 /* Info.plist */,
			);
			path = ShuttleUITests;
			sourceTree = "<group>";
		};
		4F79B3C11D4171C800DBA34F /* Model */ = {
			isa = PBXGroup;
			children = (
				4F79B3C21D41733E00DBA34F /* Route.swift */,
				4F35246C1D63965D005053CC /* RouteDetails.swift */,
				4F35246E1D639857005053CC /* Shape.swift */,
				4F3524701D639865005053CC /* Direction.swift */,
				4F3524721D639873005053CC /* Extent.swift */,
			);
			name = Model;
			sourceTree = "<group>";
		};
		4F98F30B1D650CB9001BC894 /* Parser */ = {
			isa = PBXGroup;
			children = (
				4F98F30C1D650CC7001BC894 /* RouteParser.swift */,
			);
			path = Parser;
			sourceTree = "<group>";
		};
		8DA94800CB7E78387D4B4155 /* Pods */ = {
			isa = PBXGroup;
			children = (
				8DDE85BF152FD45AA490187E /* Pods-Shuttle.debug.xcconfig */,
				AA3D1C6D7F2CA6C034A902ED /* Pods-Shuttle.release.xcconfig */,
				6C724C25177FE57ECE112576 /* Pods-ShuttleTests.debug.xcconfig */,
				FE1948276E7B3B61B83965BB /* Pods-ShuttleTests.release.xcconfig */,
				2B41CF5A3CA8D5C14F067DB2 /* Pods-ShuttleUITests.debug.xcconfig */,
				393C6DA4EA3AD94DDB9D8FBB /* Pods-ShuttleUITests.release.xcconfig */,
			);
			name = Pods;
			sourceTree = "<group>";
		};
/* End PBXGroup section */

/* Begin PBXNativeTarget section */
		4F2ED4931D4025F40026D620 /* Shuttle */ = {
			isa = PBXNativeTarget;
			buildConfigurationList = 4F2ED4BE1D4025F50026D620 /* Build configuration list for PBXNativeTarget "Shuttle" */;
			buildPhases = (
				BCE13BCF976CE9F9AFF0C5F1 /* [CP] Check Pods Manifest.lock */,
				4F2ED4901D4025F40026D620 /* Sources */,
				4F2ED4911D4025F40026D620 /* Frameworks */,
				4F2ED4921D4025F40026D620 /* Resources */,
				6960D254461643B644AFC886 /* [CP] Embed Pods Frameworks */,
				2FDC6F1AA48F7E4A8E0F132F /* [CP] Copy Pods Resources */,
			);
			buildRules = (
			);
			dependencies = (
			);
			name = Shuttle;
			productName = Shuttle;
			productReference = 4F2ED4941D4025F40026D620 /* Shuttle.app */;
			productType = "com.apple.product-type.application";
		};
		4F2ED4A91D4025F50026D620 /* ShuttleTests */ = {
			isa = PBXNativeTarget;
			buildConfigurationList = 4F2ED4C11D4025F50026D620 /* Build configuration list for PBXNativeTarget "ShuttleTests" */;
			buildPhases = (
				F14005C87A4E2354F7C747B0 /* [CP] Check Pods Manifest.lock */,
				4F2ED4A61D4025F50026D620 /* Sources */,
				4F2ED4A71D4025F50026D620 /* Frameworks */,
				4F2ED4A81D4025F50026D620 /* Resources */,
				9DB6F8787DA46152C6C969DD /* [CP] Embed Pods Frameworks */,
				488C29BF70C5AE99EB9C505C /* [CP] Copy Pods Resources */,
			);
			buildRules = (
			);
			dependencies = (
				4F2ED4AC1D4025F50026D620 /* PBXTargetDependency */,
			);
			name = ShuttleTests;
			productName = ShuttleTests;
			productReference = 4F2ED4AA1D4025F50026D620 /* ShuttleTests.xctest */;
			productType = "com.apple.product-type.bundle.unit-test";
		};
		4F2ED4B41D4025F50026D620 /* ShuttleUITests */ = {
			isa = PBXNativeTarget;
			buildConfigurationList = 4F2ED4C41D4025F50026D620 /* Build configuration list for PBXNativeTarget "ShuttleUITests" */;
			buildPhases = (
				0C7F22B3827951FA61B8A944 /* [CP] Check Pods Manifest.lock */,
				4F2ED4B11D4025F50026D620 /* Sources */,
				4F2ED4B21D4025F50026D620 /* Frameworks */,
				4F2ED4B31D4025F50026D620 /* Resources */,
				E766AF8AEB063D2FB8E7752A /* [CP] Copy Pods Resources */,
			);
			buildRules = (
			);
			dependencies = (
				4F2ED4B71D4025F50026D620 /* PBXTargetDependency */,
			);
			name = ShuttleUITests;
			productName = ShuttleUITests;
			productReference = 4F2ED4B51D4025F50026D620 /* ShuttleUITests.xctest */;
			productType = "com.apple.product-type.bundle.ui-testing";
		};
/* End PBXNativeTarget section */

/* Begin PBXProject section */
		4F2ED48C1D4025F40026D620 /* Project object */ = {
			isa = PBXProject;
			attributes = {
				LastSwiftUpdateCheck = 0800;
				LastUpgradeCheck = 0800;
				ORGANIZATIONNAME = "Nikita Pahadia";
				TargetAttributes = {
					4F2ED4931D4025F40026D620 = {
						CreatedOnToolsVersion = 8.0;
						DevelopmentTeam = R9N46X69BX;
						DevelopmentTeamName = "nikita p (Personal Team)";
						ProvisioningStyle = Automatic;
					};
					4F2ED4A91D4025F50026D620 = {
						CreatedOnToolsVersion = 8.0;
						DevelopmentTeam = R9N46X69BX;
						DevelopmentTeamName = "nikita p (Personal Team)";
						ProvisioningStyle = Automatic;
						TestTargetID = 4F2ED4931D4025F40026D620;
					};
					4F2ED4B41D4025F50026D620 = {
						CreatedOnToolsVersion = 8.0;
						DevelopmentTeam = R9N46X69BX;
						DevelopmentTeamName = "nikita p (Personal Team)";
						ProvisioningStyle = Automatic;
						TestTargetID = 4F2ED4931D4025F40026D620;
					};
				};
			};
			buildConfigurationList = 4F2ED48F1D4025F40026D620 /* Build configuration list for PBXProject "Shuttle" */;
			compatibilityVersion = "Xcode 3.2";
			developmentRegion = English;
			hasScannedForEncodings = 0;
			knownRegions = (
				en,
				Base,
			);
			mainGroup = 4F2ED48B1D4025F40026D620;
			productRefGroup = 4F2ED4951D4025F40026D620 /* Products */;
			projectDirPath = "";
			projectRoot = "";
			targets = (
				4F2ED4931D4025F40026D620 /* Shuttle */,
				4F2ED4A91D4025F50026D620 /* ShuttleTests */,
				4F2ED4B41D4025F50026D620 /* ShuttleUITests */,
			);
		};
/* End PBXProject section */

/* Begin PBXResourcesBuildPhase section */
		4F2ED4921D4025F40026D620 /* Resources */ = {
			isa = PBXResourcesBuildPhase;
			buildActionMask = 2147483647;
			files = (
				4F2ED4A41D4025F50026D620 /* LaunchScreen.storyboard in Resources */,
				4F2ED4A11D4025F50026D620 /* Assets.xcassets in Resources */,
				4F2ED49F1D4025F50026D620 /* Main.storyboard in Resources */,
			);
			runOnlyForDeploymentPostprocessing = 0;
		};
		4F2ED4A81D4025F50026D620 /* Resources */ = {
			isa = PBXResourcesBuildPhase;
			buildActionMask = 2147483647;
			files = (
			);
			runOnlyForDeploymentPostprocessing = 0;
		};
		4F2ED4B31D4025F50026D620 /* Resources */ = {
			isa = PBXResourcesBuildPhase;
			buildActionMask = 2147483647;
			files = (
			);
			runOnlyForDeploymentPostprocessing = 0;
		};
/* End PBXResourcesBuildPhase section */

/* Begin PBXShellScriptBuildPhase section */
		0C7F22B3827951FA61B8A944 /* [CP] Check Pods Manifest.lock */ = {
			isa = PBXShellScriptBuildPhase;
			buildActionMask = 2147483647;
			files = (
			);
			inputPaths = (
			);
			name = "[CP] Check Pods Manifest.lock";
			outputPaths = (
			);
			runOnlyForDeploymentPostprocessing = 0;
			shellPath = /bin/sh;
			shellScript = "diff \"${PODS_ROOT}/../Podfile.lock\" \"${PODS_ROOT}/Manifest.lock\" > /dev/null\nif [[ $? != 0 ]] ; then\n    cat << EOM\nerror: The sandbox is not in sync with the Podfile.lock. Run 'pod install' or update your CocoaPods installation.\nEOM\n    exit 1\nfi\n";
			showEnvVarsInLog = 0;
		};
		2FDC6F1AA48F7E4A8E0F132F /* [CP] Copy Pods Resources */ = {
			isa = PBXShellScriptBuildPhase;
			buildActionMask = 2147483647;
			files = (
			);
			inputPaths = (
			);
			name = "[CP] Copy Pods Resources";
			outputPaths = (
			);
			runOnlyForDeploymentPostprocessing = 0;
			shellPath = /bin/sh;
			shellScript = "\"${SRCROOT}/Pods/Target Support Files/Pods-Shuttle/Pods-Shuttle-resources.sh\"\n";
			showEnvVarsInLog = 0;
		};
		488C29BF70C5AE99EB9C505C /* [CP] Copy Pods Resources */ = {
			isa = PBXShellScriptBuildPhase;
			buildActionMask = 2147483647;
			files = (
			);
			inputPaths = (
			);
			name = "[CP] Copy Pods Resources";
			outputPaths = (
			);
			runOnlyForDeploymentPostprocessing = 0;
			shellPath = /bin/sh;
			shellScript = "\"${SRCROOT}/Pods/Target Support Files/Pods-ShuttleTests/Pods-ShuttleTests-resources.sh\"\n";
			showEnvVarsInLog = 0;
		};
		6960D254461643B644AFC886 /* [CP] Embed Pods Frameworks */ = {
			isa = PBXShellScriptBuildPhase;
			buildActionMask = 2147483647;
			files = (
			);
			inputPaths = (
			);
			name = "[CP] Embed Pods Frameworks";
			outputPaths = (
			);
			runOnlyForDeploymentPostprocessing = 0;
			shellPath = /bin/sh;
			shellScript = "\"${SRCROOT}/Pods/Target Support Files/Pods-Shuttle/Pods-Shuttle-frameworks.sh\"\n";
			showEnvVarsInLog = 0;
		};
		9DB6F8787DA46152C6C969DD /* [CP] Embed Pods Frameworks */ = {
			isa = PBXShellScriptBuildPhase;
			buildActionMask = 2147483647;
			files = (
			);
			inputPaths = (
			);
			name = "[CP] Embed Pods Frameworks";
			outputPaths = (
			);
			runOnlyForDeploymentPostprocessing = 0;
			shellPath = /bin/sh;
			shellScript = "\"${SRCROOT}/Pods/Target Support Files/Pods-ShuttleTests/Pods-ShuttleTests-frameworks.sh\"\n";
			showEnvVarsInLog = 0;
		};
		BCE13BCF976CE9F9AFF0C5F1 /* [CP] Check Pods Manifest.lock */ = {
			isa = PBXShellScriptBuildPhase;
			buildActionMask = 2147483647;
			files = (
			);
			inputPaths = (
			);
			name = "[CP] Check Pods Manifest.lock";
			outputPaths = (
			);
			runOnlyForDeploymentPostprocessing = 0;
			shellPath = /bin/sh;
			shellScript = "diff \"${PODS_ROOT}/../Podfile.lock\" \"${PODS_ROOT}/Manifest.lock\" > /dev/null\nif [[ $? != 0 ]] ; then\n    cat << EOM\nerror: The sandbox is not in sync with the Podfile.lock. Run 'pod install' or update your CocoaPods installation.\nEOM\n    exit 1\nfi\n";
			showEnvVarsInLog = 0;
		};
		E766AF8AEB063D2FB8E7752A /* [CP] Copy Pods Resources */ = {
			isa = PBXShellScriptBuildPhase;
			buildActionMask = 2147483647;
			files = (
			);
			inputPaths = (
			);
			name = "[CP] Copy Pods Resources";
			outputPaths = (
			);
			runOnlyForDeploymentPostprocessing = 0;
			shellPath = /bin/sh;
			shellScript = "\"${SRCROOT}/Pods/Target Support Files/Pods-ShuttleUITests/Pods-ShuttleUITests-resources.sh\"\n";
			showEnvVarsInLog = 0;
		};
		F14005C87A4E2354F7C747B0 /* [CP] Check Pods Manifest.lock */ = {
			isa = PBXShellScriptBuildPhase;
			buildActionMask = 2147483647;
			files = (
			);
			inputPaths = (
			);
			name = "[CP] Check Pods Manifest.lock";
			outputPaths = (
			);
			runOnlyForDeploymentPostprocessing = 0;
			shellPath = /bin/sh;
			shellScript = "diff \"${PODS_ROOT}/../Podfile.lock\" \"${PODS_ROOT}/Manifest.lock\" > /dev/null\nif [[ $? != 0 ]] ; then\n    cat << EOM\nerror: The sandbox is not in sync with the Podfile.lock. Run 'pod install' or update your CocoaPods installation.\nEOM\n    exit 1\nfi\n";
			showEnvVarsInLog = 0;
		};
/* End PBXShellScriptBuildPhase section */

/* Begin PBXSourcesBuildPhase section */
		4F2ED4901D4025F40026D620 /* Sources */ = {
			isa = PBXSourcesBuildPhase;
			buildActionMask = 2147483647;
			files = (
				4F98F30D1D650CC7001BC894 /* RouteParser.swift in Sources */,
				4F042DDA1D65037B009F1B96 /* NetworkManager.swift in Sources */,
				4F3524711D639865005053CC /* Direction.swift in Sources */,
				4F2ED49C1D4025F50026D620 /* SecondViewController.swift in Sources */,
				4F35246F1D639857005053CC /* Shape.swift in Sources */,
				4F79B3C31D41733E00DBA34F /* Route.swift in Sources */,
				4F2ED4981D4025F50026D620 /* AppDelegate.swift in Sources */,
				4F2ED49A1D4025F50026D620 /* FirstViewController.swift in Sources */,
				4F35246D1D63965D005053CC /* RouteDetails.swift in Sources */,
				4F3524731D639873005053CC /* Extent.swift in Sources */,
			);
			runOnlyForDeploymentPostprocessing = 0;
		};
		4F2ED4A61D4025F50026D620 /* Sources */ = {
			isa = PBXSourcesBuildPhase;
			buildActionMask = 2147483647;
			files = (
				4F2ED4AF1D4025F50026D620 /* ShuttleTests.swift in Sources */,
			);
			runOnlyForDeploymentPostprocessing = 0;
		};
		4F2ED4B11D4025F50026D620 /* Sources */ = {
			isa = PBXSourcesBuildPhase;
			buildActionMask = 2147483647;
			files = (
				4F2ED4BA1D4025F50026D620 /* ShuttleUITests.swift in Sources */,
			);
			runOnlyForDeploymentPostprocessing = 0;
		};
/* End PBXSourcesBuildPhase section */

/* Begin PBXTargetDependency section */
		4F2ED4AC1D4025F50026D620 /* PBXTargetDependency */ = {
			isa = PBXTargetDependency;
			target = 4F2ED4931D4025F40026D620 /* Shuttle */;
			targetProxy = 4F2ED4AB1D4025F50026D620 /* PBXContainerItemProxy */;
		};
		4F2ED4B71D4025F50026D620 /* PBXTargetDependency */ = {
			isa = PBXTargetDependency;
			target = 4F2ED4931D4025F40026D620 /* Shuttle */;
			targetProxy = 4F2ED4B61D4025F50026D620 /* PBXContainerItemProxy */;
		};
/* End PBXTargetDependency section */

/* Begin PBXVariantGroup section */
		4F2ED49D1D4025F50026D620 /* Main.storyboard */ = {
			isa = PBXVariantGroup;
			children = (
				4F2ED49E1D4025F50026D620 /* Base */,
			);
			name = Main.storyboard;
			sourceTree = "<group>";
		};
		4F2ED4A21D4025F50026D620 /* LaunchScreen.storyboard */ = {
			isa = PBXVariantGroup;
			children = (
				4F2ED4A31D4025F50026D620 /* Base */,
			);
			name = LaunchScreen.storyboard;
			sourceTree = "<group>";
		};
/* End PBXVariantGroup section */

/* Begin XCBuildConfiguration section */
		4F2ED4BC1D4025F50026D620 /* Debug */ = {
			isa = XCBuildConfiguration;
			buildSettings = {
				ALWAYS_SEARCH_USER_PATHS = NO;
				CLANG_ANALYZER_NONNULL = YES;
				CLANG_CXX_LANGUAGE_STANDARD = "gnu++0x";
				CLANG_CXX_LIBRARY = "libc++";
				CLANG_ENABLE_MODULES = YES;
				CLANG_ENABLE_OBJC_ARC = YES;
				CLANG_WARN_BOOL_CONVERSION = YES;
				CLANG_WARN_CONSTANT_CONVERSION = YES;
				CLANG_WARN_DIRECT_OBJC_ISA_USAGE = YES_ERROR;
				CLANG_WARN_DOCUMENTATION_COMMENTS = YES;
				CLANG_WARN_EMPTY_BODY = YES;
				CLANG_WARN_ENUM_CONVERSION = YES;
				CLANG_WARN_INT_CONVERSION = YES;
				CLANG_WARN_OBJC_ROOT_CLASS = YES_ERROR;
				CLANG_WARN_UNREACHABLE_CODE = YES;
				CLANG_WARN__DUPLICATE_METHOD_MATCH = YES;
				"CODE_SIGN_IDENTITY[sdk=iphoneos*]" = "iPhone Developer";
				COPY_PHASE_STRIP = NO;
				DEBUG_INFORMATION_FORMAT = dwarf;
				ENABLE_STRICT_OBJC_MSGSEND = YES;
				ENABLE_TESTABILITY = YES;
				GCC_C_LANGUAGE_STANDARD = gnu99;
				GCC_DYNAMIC_NO_PIC = NO;
				GCC_NO_COMMON_BLOCKS = YES;
				GCC_OPTIMIZATION_LEVEL = 0;
				GCC_PREPROCESSOR_DEFINITIONS = (
					"DEBUG=1",
					"$(inherited)",
				);
				GCC_WARN_64_TO_32_BIT_CONVERSION = YES;
				GCC_WARN_ABOUT_RETURN_TYPE = YES_ERROR;
				GCC_WARN_UNDECLARED_SELECTOR = YES;
				GCC_WARN_UNINITIALIZED_AUTOS = YES_AGGRESSIVE;
				GCC_WARN_UNUSED_FUNCTION = YES;
				GCC_WARN_UNUSED_VARIABLE = YES;
				IPHONEOS_DEPLOYMENT_TARGET = 9.0;
				MTL_ENABLE_DEBUG_INFO = YES;
				ONLY_ACTIVE_ARCH = YES;
				SDKROOT = iphoneos;
				SWIFT_ACTIVE_COMPILATION_CONDITIONS = DEBUG;
				SWIFT_OPTIMIZATION_LEVEL = "-Onone";
				TARGETED_DEVICE_FAMILY = "1,2";
			};
			name = Debug;
		};
		4F2ED4BD1D4025F50026D620 /* Release */ = {
			isa = XCBuildConfiguration;
			buildSettings = {
				ALWAYS_SEARCH_USER_PATHS = NO;
				CLANG_ANALYZER_NONNULL = YES;
				CLANG_CXX_LANGUAGE_STANDARD = "gnu++0x";
				CLANG_CXX_LIBRARY = "libc++";
				CLANG_ENABLE_MODULES = YES;
				CLANG_ENABLE_OBJC_ARC = YES;
				CLANG_WARN_BOOL_CONVERSION = YES;
				CLANG_WARN_CONSTANT_CONVERSION = YES;
				CLANG_WARN_DIRECT_OBJC_ISA_USAGE = YES_ERROR;
				CLANG_WARN_DOCUMENTATION_COMMENTS = YES;
				CLANG_WARN_EMPTY_BODY = YES;
				CLANG_WARN_ENUM_CONVERSION = YES;
				CLANG_WARN_INT_CONVERSION = YES;
				CLANG_WARN_OBJC_ROOT_CLASS = YES_ERROR;
				CLANG_WARN_UNREACHABLE_CODE = YES;
				CLANG_WARN__DUPLICATE_METHOD_MATCH = YES;
				"CODE_SIGN_IDENTITY[sdk=iphoneos*]" = "iPhone Developer";
				COPY_PHASE_STRIP = NO;
				DEBUG_INFORMATION_FORMAT = "dwarf-with-dsym";
				ENABLE_NS_ASSERTIONS = NO;
				ENABLE_STRICT_OBJC_MSGSEND = YES;
				GCC_C_LANGUAGE_STANDARD = gnu99;
				GCC_NO_COMMON_BLOCKS = YES;
				GCC_WARN_64_TO_32_BIT_CONVERSION = YES;
				GCC_WARN_ABOUT_RETURN_TYPE = YES_ERROR;
				GCC_WARN_UNDECLARED_SELECTOR = YES;
				GCC_WARN_UNINITIALIZED_AUTOS = YES_AGGRESSIVE;
				GCC_WARN_UNUSED_FUNCTION = YES;
				GCC_WARN_UNUSED_VARIABLE = YES;
				IPHONEOS_DEPLOYMENT_TARGET = 9.0;
				MTL_ENABLE_DEBUG_INFO = NO;
				SDKROOT = iphoneos;
				SWIFT_OPTIMIZATION_LEVEL = "-Owholemodule";
				TARGETED_DEVICE_FAMILY = "1,2";
				VALIDATE_PRODUCT = YES;
			};
			name = Release;
		};
		4F2ED4BF1D4025F50026D620 /* Debug */ = {
			isa = XCBuildConfiguration;
			baseConfigurationReference = 8DDE85BF152FD45AA490187E /* Pods-Shuttle.debug.xcconfig */;
			buildSettings = {
				ASSETCATALOG_COMPILER_APPICON_NAME = AppIcon;
				INFOPLIST_FILE = Shuttle/Info.plist;
				LD_RUNPATH_SEARCH_PATHS = "$(inherited) @executable_path/Frameworks";
				PRODUCT_BUNDLE_IDENTIFIER = com.nikita.Shuttle;
				PRODUCT_NAME = "$(TARGET_NAME)";
				SWIFT_VERSION = 3.0;
			};
			name = Debug;
		};
		4F2ED4C01D4025F50026D620 /* Release */ = {
			isa = XCBuildConfiguration;
			baseConfigurationReference = AA3D1C6D7F2CA6C034A902ED /* Pods-Shuttle.release.xcconfig */;
			buildSettings = {
				ASSETCATALOG_COMPILER_APPICON_NAME = AppIcon;
				INFOPLIST_FILE = Shuttle/Info.plist;
				LD_RUNPATH_SEARCH_PATHS = "$(inherited) @executable_path/Frameworks";
				PRODUCT_BUNDLE_IDENTIFIER = com.nikita.Shuttle;
				PRODUCT_NAME = "$(TARGET_NAME)";
				SWIFT_VERSION = 3.0;
			};
			name = Release;
		};
		4F2ED4C21D4025F50026D620 /* Debug */ = {
			isa = XCBuildConfiguration;
			baseConfigurationReference = 6C724C25177FE57ECE112576 /* Pods-ShuttleTests.debug.xcconfig */;
			buildSettings = {
				BUNDLE_LOADER = "$(TEST_HOST)";
				INFOPLIST_FILE = ShuttleTests/Info.plist;
				LD_RUNPATH_SEARCH_PATHS = "$(inherited) @executable_path/Frameworks @loader_path/Frameworks";
				PRODUCT_BUNDLE_IDENTIFIER = com.nikita.ShuttleTests;
				PRODUCT_NAME = "$(TARGET_NAME)";
				SWIFT_VERSION = 3.0;
				TEST_HOST = "$(BUILT_PRODUCTS_DIR)/Shuttle.app/Shuttle";
			};
			name = Debug;
		};
		4F2ED4C31D4025F50026D620 /* Release */ = {
			isa = XCBuildConfiguration;
			baseConfigurationReference = FE1948276E7B3B61B83965BB /* Pods-ShuttleTests.release.xcconfig */;
			buildSettings = {
				BUNDLE_LOADER = "$(TEST_HOST)";
				INFOPLIST_FILE = ShuttleTests/Info.plist;
				LD_RUNPATH_SEARCH_PATHS = "$(inherited) @executable_path/Frameworks @loader_path/Frameworks";
				PRODUCT_BUNDLE_IDENTIFIER = com.nikita.ShuttleTests;
				PRODUCT_NAME = "$(TARGET_NAME)";
				SWIFT_VERSION = 3.0;
				TEST_HOST = "$(BUILT_PRODUCTS_DIR)/Shuttle.app/Shuttle";
			};
			name = Release;
		};
		4F2ED4C51D4025F50026D620 /* Debug */ = {
			isa = XCBuildConfiguration;
			baseConfigurationReference = 2B41CF5A3CA8D5C14F067DB2 /* Pods-ShuttleUITests.debug.xcconfig */;
			buildSettings = {
				INFOPLIST_FILE = ShuttleUITests/Info.plist;
				LD_RUNPATH_SEARCH_PATHS = "$(inherited) @executable_path/Frameworks @loader_path/Frameworks";
				PRODUCT_BUNDLE_IDENTIFIER = com.nikita.ShuttleUITests;
				PRODUCT_NAME = "$(TARGET_NAME)";
				SWIFT_VERSION = 3.0;
				TEST_TARGET_NAME = Shuttle;
			};
			name = Debug;
		};
		4F2ED4C61D4025F50026D620 /* Release */ = {
			isa = XCBuildConfiguration;
			baseConfigurationReference = 393C6DA4EA3AD94DDB9D8FBB /* Pods-ShuttleUITests.release.xcconfig */;
			buildSettings = {
				INFOPLIST_FILE = ShuttleUITests/Info.plist;
				LD_RUNPATH_SEARCH_PATHS = "$(inherited) @executable_path/Frameworks @loader_path/Frameworks";
				PRODUCT_BUNDLE_IDENTIFIER = com.nikita.ShuttleUITests;
				PRODUCT_NAME = "$(TARGET_NAME)";
				SWIFT_VERSION = 3.0;
				TEST_TARGET_NAME = Shuttle;
			};
			name = Release;
		};
/* End XCBuildConfiguration section */

/* Begin XCConfigurationList section */
		4F2ED48F1D4025F40026D620 /* Build configuration list for PBXProject "Shuttle" */ = {
			isa = XCConfigurationList;
			buildConfigurations = (
				4F2ED4BC1D4025F50026D620 /* Debug */,
				4F2ED4BD1D4025F50026D620 /* Release */,
			);
			defaultConfigurationIsVisible = 0;
			defaultConfigurationName = Release;
		};
		4F2ED4BE1D4025F50026D620 /* Build configuration list for PBXNativeTarget "Shuttle" */ = {
			isa = XCConfigurationList;
			buildConfigurations = (
				4F2ED4BF1D4025F50026D620 /* Debug */,
				4F2ED4C01D4025F50026D620 /* Release */,
			);
			defaultConfigurationIsVisible = 0;
			defaultConfigurationName = Release;
		};
		4F2ED4C11D4025F50026D620 /* Build configuration list for PBXNativeTarget "ShuttleTests" */ = {
			isa = XCConfigurationList;
			buildConfigurations = (
				4F2ED4C21D4025F50026D620 /* Debug */,
				4F2ED4C31D4025F50026D620 /* Release */,
			);
			defaultConfigurationIsVisible = 0;
			defaultConfigurationName = Release;
		};
		4F2ED4C41D4025F50026D620 /* Build configuration list for PBXNativeTarget "ShuttleUITests" */ = {
			isa = XCConfigurationList;
			buildConfigurations = (
				4F2ED4C51D4025F50026D620 /* Debug */,
				4F2ED4C61D4025F50026D620 /* Release */,
			);
			defaultConfigurationIsVisible = 0;
			defaultConfigurationName = Release;
		};
/* End XCConfigurationList section */
	};
	rootObject = 4F2ED48C1D4025F40026D620 /* Project object */;
}
